// !$*UTF8*$!
{
	archiveVersion = 1;
	classes = {
	};
	objectVersion = 46;
	objects = {

/* Begin PBXBuildFile section */
		2F37B9FE1E58963B0000B772 /* AppDelegate.swift in Sources */ = {isa = PBXBuildFile; fileRef = 2F37B9FD1E58963B0000B772 /* AppDelegate.swift */; };
		2F37BA001E58963B0000B772 /* ViewController.swift in Sources */ = {isa = PBXBuildFile; fileRef = 2F37B9FF1E58963B0000B772 /* ViewController.swift */; };
		2F37BA031E58963B0000B772 /* Main.storyboard in Resources */ = {isa = PBXBuildFile; fileRef = 2F37BA011E58963B0000B772 /* Main.storyboard */; };
		2F37BA061E58963B0000B772 /* TwitterFeed.xcdatamodeld in Sources */ = {isa = PBXBuildFile; fileRef = 2F37BA041E58963B0000B772 /* TwitterFeed.xcdatamodeld */; };
		2F37BA081E58963B0000B772 /* Assets.xcassets in Resources */ = {isa = PBXBuildFile; fileRef = 2F37BA071E58963B0000B772 /* Assets.xcassets */; };
		2F37BA0B1E58963B0000B772 /* LaunchScreen.storyboard in Resources */ = {isa = PBXBuildFile; fileRef = 2F37BA091E58963B0000B772 /* LaunchScreen.storyboard */; };
		2F37BA161E58963C0000B772 /* TwitterFeedTests.swift in Sources */ = {isa = PBXBuildFile; fileRef = 2F37BA151E58963C0000B772 /* TwitterFeedTests.swift */; };
		2F37BA211E58963C0000B772 /* TwitterFeedUITests.swift in Sources */ = {isa = PBXBuildFile; fileRef = 2F37BA201E58963C0000B772 /* TwitterFeedUITests.swift */; };
/* End PBXBuildFile section */

/* Begin PBXContainerItemProxy section */
		2F37BA121E58963C0000B772 /* PBXContainerItemProxy */ = {
			isa = PBXContainerItemProxy;
			containerPortal = 2F37B9F21E58963B0000B772 /* Project object */;
			proxyType = 1;
			remoteGlobalIDString = 2F37B9F91E58963B0000B772;
			remoteInfo = TwitterFeed;
		};
		2F37BA1D1E58963C0000B772 /* PBXContainerItemProxy */ = {
			isa = PBXContainerItemProxy;
			containerPortal = 2F37B9F21E58963B0000B772 /* Project object */;
			proxyType = 1;
			remoteGlobalIDString = 2F37B9F91E58963B0000B772;
			remoteInfo = TwitterFeed;
		};
/* End PBXContainerItemProxy section */

/* Begin PBXFileReference section */
		2F37B9FA1E58963B0000B772 /* TwitterFeed.app */ = {isa = PBXFileReference; explicitFileType = wrapper.application; includeInIndex = 0; path = TwitterFeed.app; sourceTree = BUILT_PRODUCTS_DIR; };
		2F37B9FD1E58963B0000B772 /* AppDelegate.swift */ = {isa = PBXFileReference; lastKnownFileType = sourcecode.swift; path = AppDelegate.swift; sourceTree = "<group>"; };
		2F37B9FF1E58963B0000B772 /* ViewController.swift */ = {isa = PBXFileReference; lastKnownFileType = sourcecode.swift; path = ViewController.swift; sourceTree = "<group>"; };
		2F37BA021E58963B0000B772 /* Base */ = {isa = PBXFileReference; lastKnownFileType = file.storyboard; name = Base; path = Base.lproj/Main.storyboard; sourceTree = "<group>"; };
		2F37BA051E58963B0000B772 /* TwitterFeed.xcdatamodel */ = {isa = PBXFileReference; lastKnownFileType = wrapper.xcdatamodel; path = TwitterFeed.xcdatamodel; sourceTree = "<group>"; };
		2F37BA071E58963B0000B772 /* Assets.xcassets */ = {isa = PBXFileReference; lastKnownFileType = folder.assetcatalog; path = Assets.xcassets; sourceTree = "<group>"; };
		2F37BA0A1E58963B0000B772 /* Base */ = {isa = PBXFileReference; lastKnownFileType = file.storyboard; name = Base; path = Base.lproj/LaunchScreen.storyboard; sourceTree = "<group>"; };
		2F37BA0C1E58963B0000B772 /* Info.plist */ = {isa = PBXFileReference; lastKnownFileType = text.plist.xml; path = Info.plist; sourceTree = "<group>"; };
		2F37BA111E58963C0000B772 /* TwitterFeedTests.xctest */ = {isa = PBXFileReference; explicitFileType = wrapper.cfbundle; includeInIndex = 0; path = TwitterFeedTests.xctest; sourceTree = BUILT_PRODUCTS_DIR; };
		2F37BA151E58963C0000B772 /* TwitterFeedTests.swift */ = {isa = PBXFileReference; lastKnownFileType = sourcecode.swift; path = TwitterFeedTests.swift; sourceTree = "<group>"; };
		2F37BA171E58963C0000B772 /* Info.plist */ = {isa = PBXFileReference; lastKnownFileType = text.plist.xml; path = Info.plist; sourceTree = "<group>"; };
		2F37BA1C1E58963C0000B772 /* TwitterFeedUITests.xctest */ = {isa = PBXFileReference; explicitFileType = wrapper.cfbundle; includeInIndex = 0; path = TwitterFeedUITests.xctest; sourceTree = BUILT_PRODUCTS_DIR; };
		2F37BA201E58963C0000B772 /* TwitterFeedUITests.swift */ = {isa = PBXFileReference; lastKnownFileType = sourcecode.swift; path = TwitterFeedUITests.swift; sourceTree = "<group>"; };
		2F37BA221E58963C0000B772 /* Info.plist */ = {isa = PBXFileReference; lastKnownFileType = text.plist.xml; path = Info.plist; sourceTree = "<group>"; };
/* End PBXFileReference section */

/* Begin PBXFrameworksBuildPhase section */
		2F37B9F71E58963B0000B772 /* Frameworks */ = {
			isa = PBXFrameworksBuildPhase;
			buildActionMask = 2147483647;
			files = (
			);
			runOnlyForDeploymentPostprocessing = 0;
		};
		2F37BA0E1E58963C0000B772 /* Frameworks */ = {
			isa = PBXFrameworksBuildPhase;
			buildActionMask = 2147483647;
			files = (
			);
			runOnlyForDeploymentPostprocessing = 0;
		};
		2F37BA191E58963C0000B772 /* Frameworks */ = {
			isa = PBXFrameworksBuildPhase;
			buildActionMask = 2147483647;
			files = (
			);
			runOnlyForDeploymentPostprocessing = 0;
		};
/* End PBXFrameworksBuildPhase section */

/* Begin PBXGroup section */
		2F37B9F11E58963B0000B772 = {
			isa = PBXGroup;
			children = (
				2F37B9FC1E58963B0000B772 /* TwitterFeed */,
				2F37BA141E58963C0000B772 /* TwitterFeedTests */,
				2F37BA1F1E58963C0000B772 /* TwitterFeedUITests */,
				2F37B9FB1E58963B0000B772 /* Products */,
			);
			sourceTree = "<group>";
		};
		2F37B9FB1E58963B0000B772 /* Products */ = {
			isa = PBXGroup;
			children = (
				2F37B9FA1E58963B0000B772 /* TwitterFeed.app */,
				2F37BA111E58963C0000B772 /* TwitterFeedTests.xctest */,
				2F37BA1C1E58963C0000B772 /* TwitterFeedUITests.xctest */,
			);
			name = Products;
			sourceTree = "<group>";
		};
		2F37B9FC1E58963B0000B772 /* TwitterFeed */ = {
			isa = PBXGroup;
			children = (
				2F37B9FD1E58963B0000B772 /* AppDelegate.swift */,
				2F37B9FF1E58963B0000B772 /* ViewController.swift */,
				2F37BA011E58963B0000B772 /* Main.storyboard */,
				2F37BA071E58963B0000B772 /* Assets.xcassets */,
				2F37BA091E58963B0000B772 /* LaunchScreen.storyboard */,
				2F37BA0C1E58963B0000B772 /* Info.plist */,
				2F37BA041E58963B0000B772 /* TwitterFeed.xcdatamodeld */,
			);
			path = TwitterFeed;
			sourceTree = "<group>";
		};
		2F37BA141E58963C0000B772 /* TwitterFeedTests */ = {
			isa = PBXGroup;
			children = (
				2F37BA151E58963C0000B772 /* TwitterFeedTests.swift */,
				2F37BA171E58963C0000B772 /* Info.plist */,
			);
			path = TwitterFeedTests;
			sourceTree = "<group>";
		};
		2F37BA1F1E58963C0000B772 /* TwitterFeedUITests */ = {
			isa = PBXGroup;
			children = (
				2F37BA201E58963C0000B772 /* TwitterFeedUITests.swift */,
				2F37BA221E58963C0000B772 /* Info.plist */,
			);
			path = TwitterFeedUITests;
			sourceTree = "<group>";
		};
/* End PBXGroup section */

/* Begin PBXNativeTarget section */
		2F37B9F91E58963B0000B772 /* TwitterFeed */ = {
			isa = PBXNativeTarget;
			buildConfigurationList = 2F37BA251E58963C0000B772 /* Build configuration list for PBXNativeTarget "TwitterFeed" */;
			buildPhases = (
				2F37B9F61E58963B0000B772 /* Sources */,
				2F37B9F71E58963B0000B772 /* Frameworks */,
				2F37B9F81E58963B0000B772 /* Resources */,
			);
			buildRules = (
			);
			dependencies = (
			);
			name = TwitterFeed;
			productName = TwitterFeed;
			productReference = 2F37B9FA1E58963B0000B772 /* TwitterFeed.app */;
			productType = "com.apple.product-type.application";
		};
		2F37BA101E58963C0000B772 /* TwitterFeedTests */ = {
			isa = PBXNativeTarget;
			buildConfigurationList = 2F37BA281E58963C0000B772 /* Build configuration list for PBXNativeTarget "TwitterFeedTests" */;
			buildPhases = (
				2F37BA0D1E58963C0000B772 /* Sources */,
				2F37BA0E1E58963C0000B772 /* Frameworks */,
				2F37BA0F1E58963C0000B772 /* Resources */,
			);
			buildRules = (
			);
			dependencies = (
				2F37BA131E58963C0000B772 /* PBXTargetDependency */,
			);
			name = TwitterFeedTests;
			productName = TwitterFeedTests;
			productReference = 2F37BA111E58963C0000B772 /* TwitterFeedTests.xctest */;
			productType = "com.apple.product-type.bundle.unit-test";
		};
		2F37BA1B1E58963C0000B772 /* TwitterFeedUITests */ = {
			isa = PBXNativeTarget;
			buildConfigurationList = 2F37BA2B1E58963C0000B772 /* Build configuration list for PBXNativeTarget "TwitterFeedUITests" */;
			buildPhases = (
				2F37BA181E58963C0000B772 /* Sources */,
				2F37BA191E58963C0000B772 /* Frameworks */,
				2F37BA1A1E58963C0000B772 /* Resources */,
			);
			buildRules = (
			);
			dependencies = (
				2F37BA1E1E58963C0000B772 /* PBXTargetDependency */,
			);
			name = TwitterFeedUITests;
			productName = TwitterFeedUITests;
			productReference = 2F37BA1C1E58963C0000B772 /* TwitterFeedUITests.xctest */;
			productType = "com.apple.product-type.bundle.ui-testing";
		};
/* End PBXNativeTarget section */

/* Begin PBXProject section */
		2F37B9F21E58963B0000B772 /* Project object */ = {
			isa = PBXProject;
			attributes = {
				LastSwiftUpdateCheck = 0820;
				LastUpgradeCheck = 0820;
				ORGANIZATIONNAME = Tazeen;
				TargetAttributes = {
					2F37B9F91E58963B0000B772 = {
						CreatedOnToolsVersion = 8.2.1;
						ProvisioningStyle = Automatic;
					};
					2F37BA101E58963C0000B772 = {
						CreatedOnToolsVersion = 8.2.1;
						ProvisioningStyle = Automatic;
						TestTargetID = 2F37B9F91E58963B0000B772;
					};
					2F37BA1B1E58963C0000B772 = {
						CreatedOnToolsVersion = 8.2.1;
						ProvisioningStyle = Automatic;
						TestTargetID = 2F37B9F91E58963B0000B772;
					};
				};
			};
			buildConfigurationList = 2F37B9F51E58963B0000B772 /* Build configuration list for PBXProject "TwitterFeed" */;
			compatibilityVersion = "Xcode 3.2";
			developmentRegion = English;
			hasScannedForEncodings = 0;
			knownRegions = (
				en,
				Base,
			);
			mainGroup = 2F37B9F11E58963B0000B772;
			productRefGroup = 2F37B9FB1E58963B0000B772 /* Products */;
			projectDirPath = "";
			projectRoot = "";
			targets = (
				2F37B9F91E58963B0000B772 /* TwitterFeed */,
				2F37BA101E58963C0000B772 /* TwitterFeedTests */,
				2F37BA1B1E58963C0000B772 /* TwitterFeedUITests */,
			);
		};
/* End PBXProject section */

/* Begin PBXResourcesBuildPhase section */
		2F37B9F81E58963B0000B772 /* Resources */ = {
			isa = PBXResourcesBuildPhase;
			buildActionMask = 2147483647;
			files = (
				2F37BA0B1E58963B0000B772 /* LaunchScreen.storyboard in Resources */,
				2F37BA081E58963B0000B772 /* Assets.xcassets in Resources */,
				2F37BA031E58963B0000B772 /* Main.storyboard in Resources */,
			);
			runOnlyForDeploymentPostprocessing = 0;
		};
		2F37BA0F1E58963C0000B772 /* Resources */ = {
			isa = PBXResourcesBuildPhase;
			buildActionMask = 2147483647;
			files = (
			);
			runOnlyForDeploymentPostprocessing = 0;
		};
		2F37BA1A1E58963C0000B772 /* Resources */ = {
			isa = PBXResourcesBuildPhase;
			buildActionMask = 2147483647;
			files = (
			);
			runOnlyForDeploymentPostprocessing = 0;
		};
/* End PBXResourcesBuildPhase section */

/* Begin PBXSourcesBuildPhase section */
		2F37B9F61E58963B0000B772 /* Sources */ = {
			isa = PBXSourcesBuildPhase;
			buildActionMask = 2147483647;
			files = (
				2F37BA001E58963B0000B772 /* ViewController.swift in Sources */,
				2F37B9FE1E58963B0000B772 /* AppDelegate.swift in Sources */,
				2F37BA061E58963B0000B772 /* TwitterFeed.xcdatamodeld in Sources */,
			);
			runOnlyForDeploymentPostprocessing = 0;
		};
		2F37BA0D1E58963C0000B772 /* Sources */ = {
			isa = PBXSourcesBuildPhase;
			buildActionMask = 2147483647;
			files = (
				2F37BA161E58963C0000B772 /* TwitterFeedTests.swift in Sources */,
			);
			runOnlyForDeploymentPostprocessing = 0;
		};
		2F37BA181E58963C0000B772 /* Sources */ = {
			isa = PBXSourcesBuildPhase;
			buildActionMask = 2147483647;
			files = (
				2F37BA211E58963C0000B772 /* TwitterFeedUITests.swift in Sources */,
			);
			runOnlyForDeploymentPostprocessing = 0;
		};
/* End PBXSourcesBuildPhase section */

/* Begin PBXTargetDependency section */
		2F37BA131E58963C0000B772 /* PBXTargetDependency */ = {
			isa = PBXTargetDependency;
			target = 2F37B9F91E58963B0000B772 /* TwitterFeed */;
			targetProxy = 2F37BA121E58963C0000B772 /* PBXContainerItemProxy */;
		};
		2F37BA1E1E58963C0000B772 /* PBXTargetDependency */ = {
			isa = PBXTargetDependency;
			target = 2F37B9F91E58963B0000B772 /* TwitterFeed */;
			targetProxy = 2F37BA1D1E58963C0000B772 /* PBXContainerItemProxy */;
		};
/* End PBXTargetDependency section */

/* Begin PBXVariantGroup section */
		2F37BA011E58963B0000B772 /* Main.storyboard */ = {
			isa = PBXVariantGroup;
			children = (
				2F37BA021E58963B0000B772 /* Base */,
			);
			name = Main.storyboard;
			sourceTree = "<group>";
		};
		2F37BA091E58963B0000B772 /* LaunchScreen.storyboard */ = {
			isa = PBXVariantGroup;
			children = (
				2F37BA0A1E58963B0000B772 /* Base */,
			);
			name = LaunchScreen.storyboard;
			sourceTree = "<group>";
		};
/* End PBXVariantGroup section */

/* Begin XCBuildConfiguration section */
		2F37BA231E58963C0000B772 /* Debug */ = {
			isa = XCBuildConfiguration;
			buildSettings = {
				ALWAYS_SEARCH_USER_PATHS = NO;
				CLANG_ANALYZER_NONNULL = YES;
				CLANG_CXX_LANGUAGE_STANDARD = "gnu++0x";
				CLANG_CXX_LIBRARY = "libc++";
				CLANG_ENABLE_MODULES = YES;
				CLANG_ENABLE_OBJC_ARC = YES;
				CLANG_WARN_BOOL_CONVERSION = YES;
				CLANG_WARN_CONSTANT_CONVERSION = YES;
				CLANG_WARN_DIRECT_OBJC_ISA_USAGE = YES_ERROR;
				CLANG_WARN_DOCUMENTATION_COMMENTS = YES;
				CLANG_WARN_EMPTY_BODY = YES;
				CLANG_WARN_ENUM_CONVERSION = YES;
				CLANG_WARN_INFINITE_RECURSION = YES;
				CLANG_WARN_INT_CONVERSION = YES;
				CLANG_WARN_OBJC_ROOT_CLASS = YES_ERROR;
				CLANG_WARN_SUSPICIOUS_MOVE = YES;
				CLANG_WARN_UNREACHABLE_CODE = YES;
				CLANG_WARN__DUPLICATE_METHOD_MATCH = YES;
				"CODE_SIGN_IDENTITY[sdk=iphoneos*]" = "iPhone Developer";
				COPY_PHASE_STRIP = NO;
				DEBUG_INFORMATION_FORMAT = dwarf;
				ENABLE_STRICT_OBJC_MSGSEND = YES;
				ENABLE_TESTABILITY = YES;
				GCC_C_LANGUAGE_STANDARD = gnu99;
				GCC_DYNAMIC_NO_PIC = NO;
				GCC_NO_COMMON_BLOCKS = YES;
				GCC_OPTIMIZATION_LEVEL = 0;
				GCC_PREPROCESSOR_DEFINITIONS = (
					"DEBUG=1",
					"$(inherited)",
				);
				GCC_WARN_64_TO_32_BIT_CONVERSION = YES;
				GCC_WARN_ABOUT_RETURN_TYPE = YES_ERROR;
				GCC_WARN_UNDECLARED_SELECTOR = YES;
				GCC_WARN_UNINITIALIZED_AUTOS = YES_AGGRESSIVE;
				GCC_WARN_UNUSED_FUNCTION = YES;
				GCC_WARN_UNUSED_VARIABLE = YES;
				IPHONEOS_DEPLOYMENT_TARGET = 10.2;
				MTL_ENABLE_DEBUG_INFO = YES;
				ONLY_ACTIVE_ARCH = YES;
				SDKROOT = iphoneos;
				SWIFT_ACTIVE_COMPILATION_CONDITIONS = DEBUG;
				SWIFT_OPTIMIZATION_LEVEL = "-Onone";
				TARGETED_DEVICE_FAMILY = "1,2";
			};
			name = Debug;
		};
		2F37BA241E58963C0000B772 /* Release */ = {
			isa = XCBuildConfiguration;
			buildSettings = {
				ALWAYS_SEARCH_USER_PATHS = NO;
				CLANG_ANALYZER_NONNULL = YES;
				CLANG_CXX_LANGUAGE_STANDARD = "gnu++0x";
				CLANG_CXX_LIBRARY = "libc++";
				CLANG_ENABLE_MODULES = YES;
				CLANG_ENABLE_OBJC_ARC = YES;
				CLANG_WARN_BOOL_CONVERSION = YES;
				CLANG_WARN_CONSTANT_CONVERSION = YES;
				CLANG_WARN_DIRECT_OBJC_ISA_USAGE = YES_ERROR;
				CLANG_WARN_DOCUMENTATION_COMMENTS = YES;
				CLANG_WARN_EMPTY_BODY = YES;
				CLANG_WARN_ENUM_CONVERSION = YES;
				CLANG_WARN_INFINITE_RECURSION = YES;
				CLANG_WARN_INT_CONVERSION = YES;
				CLANG_WARN_OBJC_ROOT_CLASS = YES_ERROR;
				CLANG_WARN_SUSPICIOUS_MOVE = YES;
				CLANG_WARN_UNREACHABLE_CODE = YES;
				CLANG_WARN__DUPLICATE_METHOD_MATCH = YES;
				"CODE_SIGN_IDENTITY[sdk=iphoneos*]" = "iPhone Developer";
				COPY_PHASE_STRIP = NO;
				DEBUG_INFORMATION_FORMAT = "dwarf-with-dsym";
				ENABLE_NS_ASSERTIONS = NO;
				ENABLE_STRICT_OBJC_MSGSEND = YES;
				GCC_C_LANGUAGE_STANDARD = gnu99;
				GCC_NO_COMMON_BLOCKS = YES;
				GCC_WARN_64_TO_32_BIT_CONVERSION = YES;
				GCC_WARN_ABOUT_RETURN_TYPE = YES_ERROR;
				GCC_WARN_UNDECLARED_SELECTOR = YES;
				GCC_WARN_UNINITIALIZED_AUTOS = YES_AGGRESSIVE;
				GCC_WARN_UNUSED_FUNCTION = YES;
				GCC_WARN_UNUSED_VARIABLE = YES;
				IPHONEOS_DEPLOYMENT_TARGET = 10.2;
				MTL_ENABLE_DEBUG_INFO = NO;
				SDKROOT = iphoneos;
				SWIFT_OPTIMIZATION_LEVEL = "-Owholemodule";
				TARGETED_DEVICE_FAMILY = "1,2";
				VALIDATE_PRODUCT = YES;
			};
			name = Release;
		};
		2F37BA261E58963C0000B772 /* Debug */ = {
			isa = XCBuildConfiguration;
			buildSettings = {
				ASSETCATALOG_COMPILER_APPICON_NAME = AppIcon;
				INFOPLIST_FILE = TwitterFeed/Info.plist;
				LD_RUNPATH_SEARCH_PATHS = "$(inherited) @executable_path/Frameworks";
				PRODUCT_BUNDLE_IDENTIFIER = taz.TwitterFeed;
				PRODUCT_NAME = "$(TARGET_NAME)";
				SWIFT_VERSION = 3.0;
			};
			name = Debug;
		};
		2F37BA271E58963C0000B772 /* Release */ = {
			isa = XCBuildConfiguration;
			buildSettings = {
				ASSETCATALOG_COMPILER_APPICON_NAME = AppIcon;
				INFOPLIST_FILE = TwitterFeed/Info.plist;
				LD_RUNPATH_SEARCH_PATHS = "$(inherited) @executable_path/Frameworks";
				PRODUCT_BUNDLE_IDENTIFIER = taz.TwitterFeed;
				PRODUCT_NAME = "$(TARGET_NAME)";
				SWIFT_VERSION = 3.0;
			};
			name = Release;
		};
		2F37BA291E58963C0000B772 /* Debug */ = {
			isa = XCBuildConfiguration;
			buildSettings = {
				ALWAYS_EMBED_SWIFT_STANDARD_LIBRARIES = YES;
				BUNDLE_LOADER = "$(TEST_HOST)";
				INFOPLIST_FILE = TwitterFeedTests/Info.plist;
				LD_RUNPATH_SEARCH_PATHS = "$(inherited) @executable_path/Frameworks @loader_path/Frameworks";
				PRODUCT_BUNDLE_IDENTIFIER = taz.TwitterFeedTests;
				PRODUCT_NAME = "$(TARGET_NAME)";
				SWIFT_VERSION = 3.0;
				TEST_HOST = "$(BUILT_PRODUCTS_DIR)/TwitterFeed.app/TwitterFeed";
			};
			name = Debug;
		};
		2F37BA2A1E58963C0000B772 /* Release */ = {
			isa = XCBuildConfiguration;
			buildSettings = {
				ALWAYS_EMBED_SWIFT_STANDARD_LIBRARIES = YES;
				BUNDLE_LOADER = "$(TEST_HOST)";
				INFOPLIST_FILE = TwitterFeedTests/Info.plist;
				LD_RUNPATH_SEARCH_PATHS = "$(inherited) @executable_path/Frameworks @loader_path/Frameworks";
				PRODUCT_BUNDLE_IDENTIFIER = taz.TwitterFeedTests;
				PRODUCT_NAME = "$(TARGET_NAME)";
				SWIFT_VERSION = 3.0;
				TEST_HOST = "$(BUILT_PRODUCTS_DIR)/TwitterFeed.app/TwitterFeed";
			};
			name = Release;
		};
		2F37BA2C1E58963C0000B772 /* Debug */ = {
			isa = XCBuildConfiguration;
			buildSettings = {
				ALWAYS_EMBED_SWIFT_STANDARD_LIBRARIES = YES;
				INFOPLIST_FILE = TwitterFeedUITests/Info.plist;
				LD_RUNPATH_SEARCH_PATHS = "$(inherited) @executable_path/Frameworks @loader_path/Frameworks";
				PRODUCT_BUNDLE_IDENTIFIER = taz.TwitterFeedUITests;
				PRODUCT_NAME = "$(TARGET_NAME)";
				SWIFT_VERSION = 3.0;
				TEST_TARGET_NAME = TwitterFeed;
			};
			name = Debug;
		};
		2F37BA2D1E58963C0000B772 /* Release */ = {
			isa = XCBuildConfiguration;
			buildSettings = {
				ALWAYS_EMBED_SWIFT_STANDARD_LIBRARIES = YES;
				INFOPLIST_FILE = TwitterFeedUITests/Info.plist;
				LD_RUNPATH_SEARCH_PATHS = "$(inherited) @executable_path/Frameworks @loader_path/Frameworks";
				PRODUCT_BUNDLE_IDENTIFIER = taz.TwitterFeedUITests;
				PRODUCT_NAME = "$(TARGET_NAME)";
				SWIFT_VERSION = 3.0;
				TEST_TARGET_NAME = TwitterFeed;
			};
			name = Release;
		};
/* End XCBuildConfiguration section */

/* Begin XCConfigurationList section */
		2F37B9F51E58963B0000B772 /* Build configuration list for PBXProject "TwitterFeed" */ = {
			isa = XCConfigurationList;
			buildConfigurations = (
				2F37BA231E58963C0000B772 /* Debug */,
				2F37BA241E58963C0000B772 /* Release */,
			);
			defaultConfigurationIsVisible = 0;
			defaultConfigurationName = Release;
		};
		2F37BA251E58963C0000B772 /* Build configuration list for PBXNativeTarget "TwitterFeed" */ = {
			isa = XCConfigurationList;
			buildConfigurations = (
				2F37BA261E58963C0000B772 /* Debug */,
				2F37BA271E58963C0000B772 /* Release */,
			);
			defaultConfigurationIsVisible = 0;
		};
		2F37BA281E58963C0000B772 /* Build configuration list for PBXNativeTarget "TwitterFeedTests" */ = {
			isa = XCConfigurationList;
			buildConfigurations = (
				2F37BA291E58963C0000B772 /* Debug */,
				2F37BA2A1E58963C0000B772 /* Release */,
			);
			defaultConfigurationIsVisible = 0;
		};
		2F37BA2B1E58963C0000B772 /* Build configuration list for PBXNativeTarget "TwitterFeedUITests" */ = {
			isa = XCConfigurationList;
			buildConfigurations = (
				2F37BA2C1E58963C0000B772 /* Debug */,
				2F37BA2D1E58963C0000B772 /* Release */,
			);
			defaultConfigurationIsVisible = 0;
		};
/* End XCConfigurationList section */

/* Begin XCVersionGroup section */
		2F37BA041E58963B0000B772 /* TwitterFeed.xcdatamodeld */ = {
			isa = XCVersionGroup;
			children = (
				2F37BA051E58963B0000B772 /* TwitterFeed.xcdatamodel */,
			);
			currentVersion = 2F37BA051E58963B0000B772 /* TwitterFeed.xcdatamodel */;
			path = TwitterFeed.xcdatamodeld;
			sourceTree = "<group>";
			versionGroupType = wrapper.xcdatamodel;
		};
/* End XCVersionGroup section */
	};
	rootObject = 2F37B9F21E58963B0000B772 /* Project object */;
}
